{
 "sha256": "7a30ea4a43fc7b3be08b515207167a29b5a7814c126e12ef95800eff1084c523",
 "frozen_utc": "2026-09-28T01:40:18+00:00",
 "det_csv": "/home/ramsey5080/Norqobil/runs/cascade/det_yolo26-base_s0_nms-none.csv",
 "agent_csv": "/home/ramsey5080/Norqobil/runs/cascade/agent_Qwen2.5-VL-3B-Instruct-none-overlay_yolo26-base_s0_nms-none.csv",
 "det_meta": "/home/ramsey5080/Norqobil/runs/cascade/det_yolo26-base_s0_nms-none.meta.json",
 "agent_meta": "/home/ramsey5080/Norqobil/runs/cascade/agent_Qwen2.5-VL-3B-Instruct-none-overlay_yolo26-base_s0_nms-none.meta.json",
 "det_csv_sha256": "82997578e96f7ebe556c2e9f29bfecac27faa9db5761bce79636d3529af30d94",
 "agent_csv_sha256": "3a36f69397478122ef66b18bb3acf44eb774cc8ff101abd3ceab0ea81caf3908",
 "det_meta_sha256": "f11964f655ae32a12e7b5ac9e5de1a5c8064dbcb1f3eb406b7bfdf6a03bc9533",
 "agent_meta_sha256": "76e550c8730083f0f97280a6a138ca094f4b5f2e75a6523923531273f3351980",
 "n_split_rows": 42610,
 "analysis_code_sha256": "aa461f6b8f1f2b556544e78680565ccc5cd4fbad56dbd8fe85185dd1069464b7",
 "analysis_code_files": {
  "__init__.py": "e3b0c44298fc1c149afbf4c8996fb92427ae41e4649b934ca495991b7852b855",
  "dataio.py": "c2c9db14abb848ae8eb10cd83906d31562e53551fbabe47ee7d8d23c6ab2aa89",
  "risk.py": "978bc01da3a2c0302c06a7b3fa90705143700444c12f54574ff340453434ff24",
  "policy.py": "a4f9ea10a4421648f698018554ca91dd4bcce2f7d1e2a2e2181390f326521328",
  "select.py": "dbdf18e7e36a86ed975940bc3674ed72cf6dc5ae8d6e966b36ded5aa22c08406",
  "adaptive_view.py": "b73d930e9b87bad473b499238d1aa3650f2f22ff79a4178d06bc30917a8a7250",
  "experiment.py": "b85052f48415b4e4bbdf3104d2803a9cd8094660ecc2238d6f2e392d22d89d89",
  "build_records.py": "c3dabd6ef7486018368c07c2eea0ae930e450975d9b6a5cbe3b5e2635647c711",
  "run_cascade.py": "921caf440ecc1b1f9c8996330fb893a8e9b9213ce3888820ec71bece345b146d",
  "make_protocol.py": "81522c2ab2134c47d2cae2c3002d275f64585456baf75989384606dcea0ec1ea",
  "dataset_audit.py": "72574af2e441527e3d28d48f1ecbd6aa3e33c84c9c7df23cc2819c420440aca0",
  "figure_style.py": "bedc46838fc844f8b1e004112eaee9be208ea117cc9c7d428435a00b19336b98",
  "figures.py": "0259e58d17afa9f62aed50660fa2946d769c83c31bf37da51af8d0082c1fc0c0",
  "ravc_dev.py": "1a7e12082060e358888de92a0be9651c080f02aebce070bc1adc5330bdaa043c",
  "ravc_synthetic_validity.py": "868a8c0eefb158114de26b909143dab9bb93b1c41d84339a406f1d8488577519",
  "view_bytes.py": "c5df52fbb5d8f5649828ce234267b1fe0fd0557959b602662d9ca9c390499134",
  "evidence_veto.py": "008a114cba1deea3b6fcd8d30f1375d49918d96514f7e485f13abbbe3f9bf923",
  "esva_dev.py": "841c1c446bdae370d87c9f99423c0dbec7cabc02696bea6e10d154de41ded6f3",
  "esva_synthetic_validity.py": "309a5a362fa05e0f569d36b2c9e1fe744a6873e55104ae6bd12ed2f550c4ddc0",
  "dev_diagnose.py": "cf08fa2d4aebc11cfd327c8c15f5a2aeb510e7c4a34bf15a41cf65e2ccb354bf",
  "dev_probe.py": "c7625a43b0084dc8615cac15b27ead3a520a272db62b7a1a474dbc691542e704",
  "payload_budget.py": "63ca42a7d91e9be7d4be28b9d4c833a60389ee181afd2f577b83313bb5154747",
  "study_register.py": "f41c4589946c5cd77df05591a7f0e7489a0f71255d3d78442aa6d5f5404735ed",
  "ace_ltt.py": "ca93d2f3e4eafa85255f512318c0e7a350d259640518696ddbfed23e93960241",
  "ace_register.py": "6ffcb9bda3c34000bb6d0fabc5a9114fd817709b8437f00ad7d8829b666d2b98",
  "ace_dev.py": "2f8367bef42def899abaa87485ba0421b6213e8029f3a7a9eccac72b6ffb8802",
  "ace2_register.py": "ead6be4cdfc2b1bb2f168fda6de1e94b8da223f42f9438c6d93f1520914ef880",
  "ace2_dev.py": "12a76ddc76f78df99027b7e0c02a70bb119e5c1cbcff7859ff1dbcb265f67689",
  "ace3_register.py": "2ddd8735e7ff6ba37a45287959df053f390c2e27cc127634ad5b9d479e019c9f",
  "ace3_dev.py": "6cef59f3830a348e1148fb5cc1f5f3479c3871c98c56b78b643b038d4c10ef1c"
 }
}